
Microsoft Visual Studio Solution File, Format Version 12.00
# Visual Studio Version 16
VisualStudioVersion = 16.0.30717.126
MinimumVisualStudioVersion = 10.0.40219.1
Project("{FAE04EC0-301F-11D3-BF4B-00C04F79EFBC}") = "EscánerDML", "EscánerDML\EscánerDML.csproj", "{AB54CD60-845D-4805-902B-7B36130F3403}"
EndProject
Global
	GlobalSection(SolutionConfigurationPlatforms) = preSolution
		Debug|Any CPU = Debug|Any CPU
		Release|Any CPU = Release|Any CPU
	EndGlobalSection
	GlobalSection(ProjectConfigurationPlatforms) = postSolution
		{AB54CD60-845D-4805-902B-7B36130F3403}.Debug|Any CPU.ActiveCfg = Debug|Any CPU
		{AB54CD60-845D-4805-902B-7B36130F3403}.Debug|Any CPU.Build.0 = Debug|Any CPU
		{AB54CD60-845D-4805-902B-7B36130F3403}.Release|Any CPU.ActiveCfg = Release|Any CPU
		{AB54CD60-845D-4805-902B-7B36130F3403}.Release|Any CPU.Build.0 = Release|Any CPU
	EndGlobalSection
	GlobalSection(SolutionProperties) = preSolution
		HideSolutionNode = FALSE
	EndGlobalSection
	GlobalSection(ExtensibilityGlobals) = postSolution
		SolutionGuid = {70EF5A60-0C03-4236-A421-D47D6B48F64B}
	EndGlobalSection
EndGlobal
